{
  "R": {
    "Version": "4.4.2",
    "Repositories": [
      {
        "Name": "CRAN",
        "URL": "https://cloud.r-project.org"
      }
    ]
  },
  "Packages": {
    "DBI": {
      "Package": "DBI",
      "Version": "1.2.3",
      "Source": "Repository",
      "Repository": "CRAN",
      "Requirements": [
        "R",
        "methods"
      ],
      "Hash": "065ae649b05f1ff66bb0c793107508f5"
    },
    "KernSmooth": {
      "Package": "KernSmooth",
      "Version": "2.23-24",
      "Source": "Repository",
      "Repository": "CRAN",
      "Requirements": [
        "R",
        "stats"
      ],
      "Hash": "9f33a1ee37bbe8919eb2ec4b9f2473a5"
    },
    "MASS": {
      "Package": "MASS",
      "Version": "7.3-61",
      "Source": "Repository",
      "Repository": "CRAN",
      "Requirements": [
        "R",
        "grDevices",
        "graphics",
        "methods",
        "stats",
        "utils"
      ],
      "Hash": "0cafd6f0500e5deba33be22c46bf6055"
    },
    "Rcpp": {
      "Package": "Rcpp",
      "Version": "1.0.13-1",
      "Source": "Repository",
      "Repository": "CRAN",
      "Requirements": [
        "methods",
        "utils"
      ],
      "Hash": "6b868847b365672d6c1677b1608da9ed"
    },
    "class": {
      "Package": "class",
      "Version": "7.3-22",
      "Source": "Repository",
      "Repository": "CRAN",
      "Requirements": [
        "MASS",
        "R",
        "stats",
        "utils"
      ],
      "Hash": "f91f6b29f38b8c280f2b9477787d4bb2"
    },
    "classInt": {
      "Package": "classInt",
      "Version": "0.4-11",
      "Source": "Repository",
      "Repository": "CRAN",
      "Requirements": [
        "KernSmooth",
        "R",
        "class",
        "e1071",
        "grDevices",
        "graphics",
        "stats"
      ],
      "Hash": "f2af70314a63d7f025ae668f08bd933a"
    },
    "dismo": {
      "Package": "dismo",
      "Version": "1.3-16",
      "Source": "Repository",
      "Repository": "CRAN",
      "Requirements": [
        "R",
        "Rcpp",
        "methods",
        "raster",
        "sp",
        "terra"
      ],
      "Hash": "5c8646b40ba69146afc070aaea9f893c"
    },
    "dotCall64": {
      "Package": "dotCall64",
      "Version": "1.2",
      "Source": "Repository",
      "Repository": "CRAN",
      "Requirements": [
        "R"
      ],
      "Hash": "7339da8bc231184ec506d7d144776b2a"
    },
    "e1071": {
      "Package": "e1071",
      "Version": "1.7-16",
      "Source": "Repository",
      "Repository": "CRAN",
      "Requirements": [
        "class",
        "grDevices",
        "graphics",
        "methods",
        "proxy",
        "stats",
        "utils"
      ],
      "Hash": "27a09ca40266a1066d62ef5402dd51d6"
    },
    "fields": {
      "Package": "fields",
      "Version": "16.3",
      "Source": "Repository",
      "Repository": "CRAN",
      "Requirements": [
        "R",
        "maps",
        "methods",
        "spam",
        "viridisLite"
      ],
      "Hash": "2900d13ae2ee1dcf9f9cce088103667c"
    },
    "geodata": {
      "Package": "geodata",
      "Version": "0.6-2",
      "Source": "Repository",
      "Repository": "CRAN",
      "Requirements": [
        "R",
        "terra"
      ],
      "Hash": "4d43570de08ab49ba86bb2ccb6fe117d"
    },
    "lattice": {
      "Package": "lattice",
      "Version": "0.22-6",
      "Source": "Repository",
      "Repository": "CRAN",
      "Requirements": [
        "R",
        "grDevices",
        "graphics",
        "grid",
        "stats",
        "utils"
      ],
      "Hash": "cc5ac1ba4c238c7ca9fa6a87ca11a7e2"
    },
    "magrittr": {
      "Package": "magrittr",
      "Version": "2.0.3",
      "Source": "Repository",
      "Repository": "CRAN",
      "Requirements": [
        "R"
      ],
      "Hash": "7ce2733a9826b3aeb1775d56fd305472"
    },
    "maps": {
      "Package": "maps",
      "Version": "3.4.2.1",
      "Source": "Repository",
      "Repository": "CRAN",
      "Requirements": [
        "R",
        "graphics",
        "utils"
      ],
      "Hash": "354a8094c634031421eeb5103f2e1f80"
    },
    "proxy": {
      "Package": "proxy",
      "Version": "0.4-27",
      "Source": "Repository",
      "Repository": "CRAN",
      "Requirements": [
        "R",
        "stats",
        "utils"
      ],
      "Hash": "e0ef355c12942cf7a6b91a6cfaea8b3e"
    },
    "raster": {
      "Package": "raster",
      "Version": "3.6-31",
      "Source": "Repository",
      "Repository": "CRAN",
      "Requirements": [
        "R",
        "Rcpp",
        "methods",
        "sp",
        "terra"
      ],
      "Hash": "4b6f355fc2802fa27ab51bbb0d0c0469"
    },
    "renv": {
      "Package": "renv",
      "Version": "1.0.11",
      "Source": "Repository",
      "Repository": "CRAN",
      "Requirements": [
        "utils"
      ],
      "Hash": "47623f66b4e80b3b0587bc5d7b309888"
    },
    "rworldmap": {
      "Package": "rworldmap",
      "Version": "1.3-8",
      "Source": "Repository",
      "Repository": "CRAN",
      "Requirements": [
        "R",
        "fields",
        "methods",
        "raster",
        "sp",
        "terra"
      ],
      "Hash": "764b6b1e9c3108357fb51da00b8d92d7"
    },
    "s2": {
      "Package": "s2",
      "Version": "1.1.7",
      "Source": "Repository",
      "Repository": "CRAN",
      "Requirements": [
        "R",
        "Rcpp",
        "wk"
      ],
      "Hash": "3c8013cdd7f1d20de5762e3f97e5e274"
    },
    "sf": {
      "Package": "sf",
      "Version": "1.0-19",
      "Source": "Repository",
      "Repository": "CRAN",
      "Requirements": [
        "DBI",
        "R",
        "Rcpp",
        "classInt",
        "grDevices",
        "graphics",
        "grid",
        "magrittr",
        "methods",
        "s2",
        "stats",
        "tools",
        "units",
        "utils"
      ],
      "Hash": "fe02eec2f6b3ba0e24afe83d5ccfb528"
    },
    "sp": {
      "Package": "sp",
      "Version": "2.1-4",
      "Source": "Repository",
      "Repository": "CRAN",
      "Requirements": [
        "R",
        "grDevices",
        "graphics",
        "grid",
        "lattice",
        "methods",
        "stats",
        "utils"
      ],
      "Hash": "75940133cca2e339afce15a586f85b11"
    },
    "spam": {
      "Package": "spam",
      "Version": "2.11-1",
      "Source": "Repository",
      "Repository": "CRAN",
      "Requirements": [
        "R",
        "Rcpp",
        "dotCall64",
        "grid",
        "methods"
      ],
      "Hash": "36844fd20140325f520b86a5cf724378"
    },
    "terra": {
      "Package": "terra",
      "Version": "1.8-10",
      "Source": "Repository",
      "Repository": "CRAN",
      "Requirements": [
        "R",
        "Rcpp",
        "methods"
      ],
      "Hash": "03e35a7e2b044d284afe186c9b9f833d"
    },
    "units": {
      "Package": "units",
      "Version": "0.8-5",
      "Source": "Repository",
      "Repository": "CRAN",
      "Requirements": [
        "R",
        "Rcpp"
      ],
      "Hash": "119d19da480e873f72241ff6962ffd83"
    },
    "viridisLite": {
      "Package": "viridisLite",
      "Version": "0.4.2",
      "Source": "Repository",
      "Repository": "CRAN",
      "Requirements": [
        "R"
      ],
      "Hash": "c826c7c4241b6fc89ff55aaea3fa7491"
    },
    "wk": {
      "Package": "wk",
      "Version": "0.9.4",
      "Source": "Repository",
      "Repository": "CRAN",
      "Requirements": [
        "R"
      ],
      "Hash": "37be35d733130f1de1ef51672cf7cdc0"
    }
  }
}
